
Microsoft Visual Studio Solution File, Format Version 12.00
# Visual Studio Version 17
VisualStudioVersion = 17.0.32014.148
MinimumVisualStudioVersion = 10.0.40219.1
Project("{FAE04EC0-301F-11D3-BF4B-00C04F79EFBC}") = "SistemaOS", "SistemaOS\SistemaOS.csproj", "{95022391-0F1D-44CB-8168-F8F3DF32CCF2}"
EndProject
Global
	GlobalSection(SolutionConfigurationPlatforms) = preSolution
		Debug|Any CPU = Debug|Any CPU
		Release|Any CPU = Release|Any CPU
	EndGlobalSection
	GlobalSection(ProjectConfigurationPlatforms) = postSolution
		{95022391-0F1D-44CB-8168-F8F3DF32CCF2}.Debug|Any CPU.ActiveCfg = Debug|Any CPU
		{95022391-0F1D-44CB-8168-F8F3DF32CCF2}.Debug|Any CPU.Build.0 = Debug|Any CPU
		{95022391-0F1D-44CB-8168-F8F3DF32CCF2}.Release|Any CPU.ActiveCfg = Release|Any CPU
		{95022391-0F1D-44CB-8168-F8F3DF32CCF2}.Release|Any CPU.Build.0 = Release|Any CPU
	EndGlobalSection
	GlobalSection(SolutionProperties) = preSolution
		HideSolutionNode = FALSE
	EndGlobalSection
	GlobalSection(ExtensibilityGlobals) = postSolution
		SolutionGuid = {48CBF3FC-C9A8-4FC9-948A-09EA294C52D7}
	EndGlobalSection
EndGlobal
